
Microsoft Visual Studio Solution File, Format Version 12.00
# Visual Studio Version 17
VisualStudioVersion = 17.6.33815.320
MinimumVisualStudioVersion = 10.0.40219.1
Project("{888888A0-9F3D-457C-B088-3A5042F75D52}") = "Math2", "Math2.pyproj", "{7123C4FA-575C-463E-BEBC-A35FEB454D77}"
EndProject
Global
	GlobalSection(SolutionConfigurationPlatforms) = preSolution
		Debug|Any CPU = Debug|Any CPU
		Release|Any CPU = Release|Any CPU
	EndGlobalSection
	GlobalSection(ProjectConfigurationPlatforms) = postSolution
		{7123C4FA-575C-463E-BEBC-A35FEB454D77}.Debug|Any CPU.ActiveCfg = Debug|Any CPU
		{7123C4FA-575C-463E-BEBC-A35FEB454D77}.Release|Any CPU.ActiveCfg = Release|Any CPU
	EndGlobalSection
	GlobalSection(SolutionProperties) = preSolution
		HideSolutionNode = FALSE
	EndGlobalSection
	GlobalSection(ExtensibilityGlobals) = postSolution
		SolutionGuid = {B610E82A-C6D5-439C-A2EA-DEAD525011FB}
	EndGlobalSection
EndGlobal
